
Microsoft Visual Studio Solution File, Format Version 9.00
# Visual Studio 2005
# SharpDevelop 2.2.1.2648
Project("{F184B08F-C81C-45F6-A57F-5ABD9991F28F}") = "ProcesosElectorales", "ProcesosElectorales.vbproj", "{C279FDDC-4AFD-46C4-9A8F-C8E8E3C46AF8}"
EndProject
Global
	GlobalSection(SolutionConfigurationPlatforms) = preSolution
		Debug|Any CPU = Debug|Any CPU
		Release|Any CPU = Release|Any CPU
	EndGlobalSection
	GlobalSection(ProjectConfigurationPlatforms) = postSolution
		{C279FDDC-4AFD-46C4-9A8F-C8E8E3C46AF8}.Debug|Any CPU.Build.0 = Debug|Any CPU
		{C279FDDC-4AFD-46C4-9A8F-C8E8E3C46AF8}.Debug|Any CPU.ActiveCfg = Debug|Any CPU
		{C279FDDC-4AFD-46C4-9A8F-C8E8E3C46AF8}.Release|Any CPU.Build.0 = Release|Any CPU
		{C279FDDC-4AFD-46C4-9A8F-C8E8E3C46AF8}.Release|Any CPU.ActiveCfg = Release|Any CPU
		{1B8656D4-D829-4058-B5CD-AB65748A2DB2}.Debug|Any CPU.Build.0 = Debug|Any CPU
		{1B8656D4-D829-4058-B5CD-AB65748A2DB2}.Debug|Any CPU.ActiveCfg = Debug|Any CPU
		{1B8656D4-D829-4058-B5CD-AB65748A2DB2}.Release|Any CPU.Build.0 = Release|Any CPU
		{1B8656D4-D829-4058-B5CD-AB65748A2DB2}.Release|Any CPU.ActiveCfg = Release|Any CPU
		{373AA24A-E7E9-42CD-A233-D6A6911BCD0B}.Debug|Any CPU.Build.0 = Debug|Any CPU
		{373AA24A-E7E9-42CD-A233-D6A6911BCD0B}.Debug|Any CPU.ActiveCfg = Debug|Any CPU
		{373AA24A-E7E9-42CD-A233-D6A6911BCD0B}.Release|Any CPU.Build.0 = Release|Any CPU
		{373AA24A-E7E9-42CD-A233-D6A6911BCD0B}.Release|Any CPU.ActiveCfg = Release|Any CPU
	EndGlobalSection
EndGlobal
